{
  "projects": [
    {
      "projectId": "r3ASNrnyvLLLAtDvzUioQ",
      "version": "4.5.0",
      "dependencies": {},
      "lang": "js",
      "fileLocks": [
        {
          "assetId": "r3ASNrnyvLLLAtDvzUioQ",
          "type": "projectCss",
          "checksum": "e1ec850476829c38b0f9b6d4f7ac446a"
        }
      ],
      "codegenVersion": "0.0.1"
    },
    {
      "projectId": "jkU633o1Cz7HrJdwdxhVHk",
      "version": "16.10.0",
      "dependencies": {},
      "lang": "js",
      "fileLocks": [
        {
          "assetId": "jkU633o1Cz7HrJdwdxhVHk",
          "type": "projectCss",
          "checksum": "0581d4378bb1604bb5fe3f65bb0a37de"
        }
      ],
      "codegenVersion": "0.0.1"
    },
    {
      "projectId": "ohDidvG9XsCeFumugENU3J",
      "version": "6.24.0",
      "dependencies": {},
      "lang": "js",
      "fileLocks": [
        {
          "assetId": "ohDidvG9XsCeFumugENU3J",
          "type": "projectCss",
          "checksum": "fd83b730367fdbde2c69bc6cf31c2a3c"
        },
        {
          "assetId": "ohDidvG9XsCeFumugENU3J",
          "checksum": "de0a0e65174a6a185a8f822af51c6bdd",
          "type": "globalContexts"
        }
      ],
      "codegenVersion": "0.0.1"
    },
    {
      "projectId": "9WZxc9ETCwDp4rSGaS5CbS",
      "version": "latest",
      "dependencies": {
        "ohDidvG9XsCeFumugENU3J": "6.24.0",
        "jkU633o1Cz7HrJdwdxhVHk": "16.10.0",
        "r3ASNrnyvLLLAtDvzUioQ": "4.5.0",
        "7nJ7UcFmq9UzB6eXfC5z4a": "0.28.0"
      },
      "lang": "js",
      "fileLocks": [
        {
          "type": "globalVariant",
          "assetId": "5FfeMN0i1Ziv",
          "checksum": "ea3b089c607ece95439de07398760b8e"
        },
        {
          "assetId": "9WZxc9ETCwDp4rSGaS5CbS",
          "checksum": "61efe4d0039d48e6211504e2e85bb58d",
          "type": "globalContexts"
        },
        {
          "type": "renderModule",
          "assetId": "HhSM-Hef5APF",
          "checksum": "9230a6b0908cb40463e9e31d3cf7f9c2"
        },
        {
          "type": "cssRules",
          "assetId": "HhSM-Hef5APF",
          "checksum": "9230a6b0908cb40463e9e31d3cf7f9c2"
        },
        {
          "type": "renderModule",
          "assetId": "IOoV5s6kluYE",
          "checksum": "621187b1d6f388c6986d81807e03aa14"
        },
        {
          "type": "cssRules",
          "assetId": "IOoV5s6kluYE",
          "checksum": "621187b1d6f388c6986d81807e03aa14"
        },
        {
          "type": "renderModule",
          "assetId": "T9gpS9Fk8hi0",
          "checksum": "d83319dd1e6184d2e3f5c8e091dc8554"
        },
        {
          "type": "cssRules",
          "assetId": "T9gpS9Fk8hi0",
          "checksum": "d83319dd1e6184d2e3f5c8e091dc8554"
        },
        {
          "type": "renderModule",
          "assetId": "FAL88-jyCKI_",
          "checksum": "f5ddfccebca1bbf9a8f0da41bc3a277a"
        },
        {
          "type": "cssRules",
          "assetId": "FAL88-jyCKI_",
          "checksum": "f5ddfccebca1bbf9a8f0da41bc3a277a"
        },
        {
          "type": "renderModule",
          "assetId": "T2TwonB_OWGK",
          "checksum": "9cf67614aecb87454d8378aa3c00de27"
        },
        {
          "type": "cssRules",
          "assetId": "T2TwonB_OWGK",
          "checksum": "9cf67614aecb87454d8378aa3c00de27"
        },
        {
          "type": "renderModule",
          "assetId": "045wY9of49CK",
          "checksum": "711971a705717617fba7456fb66040ba"
        },
        {
          "type": "cssRules",
          "assetId": "045wY9of49CK",
          "checksum": "711971a705717617fba7456fb66040ba"
        },
        {
          "type": "renderModule",
          "assetId": "rgiRB26vdynw",
          "checksum": "653a1b6b8ef7efa2987e8a091c8180c2"
        },
        {
          "type": "cssRules",
          "assetId": "rgiRB26vdynw",
          "checksum": "653a1b6b8ef7efa2987e8a091c8180c2"
        },
        {
          "type": "renderModule",
          "assetId": "hkAPMaWLwftF",
          "checksum": "b0582f95027dc5897481f3591851b0cb"
        },
        {
          "type": "cssRules",
          "assetId": "hkAPMaWLwftF",
          "checksum": "b0582f95027dc5897481f3591851b0cb"
        },
        {
          "type": "renderModule",
          "assetId": "uk8DALKjPq4h",
          "checksum": "cc9f7d645cba00460cbed2272476efd2"
        },
        {
          "type": "cssRules",
          "assetId": "uk8DALKjPq4h",
          "checksum": "cc9f7d645cba00460cbed2272476efd2"
        },
        {
          "type": "renderModule",
          "assetId": "pxLYCqXvhsbJ",
          "checksum": "c1be9c3f88b51012e49be682f81f1175"
        },
        {
          "type": "cssRules",
          "assetId": "pxLYCqXvhsbJ",
          "checksum": "c1be9c3f88b51012e49be682f81f1175"
        },
        {
          "type": "renderModule",
          "assetId": "41kqAPsvXLdS",
          "checksum": "ae4911eb0700ea1e586d2d86aa9fba0b"
        },
        {
          "type": "cssRules",
          "assetId": "41kqAPsvXLdS",
          "checksum": "ae4911eb0700ea1e586d2d86aa9fba0b"
        },
        {
          "type": "renderModule",
          "assetId": "-xhtwJ01Jwou",
          "checksum": "095f9a43d53db7d7bc75e43b6250c227"
        },
        {
          "type": "cssRules",
          "assetId": "-xhtwJ01Jwou",
          "checksum": "095f9a43d53db7d7bc75e43b6250c227"
        },
        {
          "type": "renderModule",
          "assetId": "4E9Pc8vkQVXV",
          "checksum": "5b51c290408e085eaace602b05d7d322"
        },
        {
          "type": "cssRules",
          "assetId": "4E9Pc8vkQVXV",
          "checksum": "5b51c290408e085eaace602b05d7d322"
        },
        {
          "type": "icon",
          "assetId": "Qf7jhLYRtxTt",
          "checksum": "12dc608cb549d8336146632f1c0f8da4"
        },
        {
          "type": "icon",
          "assetId": "jr12zhix3v_r",
          "checksum": "d9866c4d00657ac299e6c5e091841002"
        },
        {
          "type": "icon",
          "assetId": "VR8kTm5hWFRB",
          "checksum": "530ffb360178443c5a53160b33c7e2f6"
        },
        {
          "type": "icon",
          "assetId": "Z3vTUf3KTPG2",
          "checksum": "0ed1fbc226234b66b305ccf775d1b1bf"
        },
        {
          "type": "icon",
          "assetId": "F24m-Lv370aX",
          "checksum": "c92fd1858a10a501c0a689fd96f3db0d"
        },
        {
          "type": "icon",
          "assetId": "SQn1yuKmuqmH",
          "checksum": "7e250e13c004b1e2f521c1678a812547"
        },
        {
          "type": "icon",
          "assetId": "sVTaN2ToYIzX",
          "checksum": "464d73cf4bbb0e674e942fd79ff426eb"
        },
        {
          "type": "icon",
          "assetId": "WM3c_dio4nO0",
          "checksum": "c96e6767b710508a1295e0bb98fc1928"
        },
        {
          "type": "icon",
          "assetId": "21uw3WHZMz8f",
          "checksum": "4d0b1c90896de761adf139a983de43db"
        },
        {
          "type": "icon",
          "assetId": "JgxgauejX9zt",
          "checksum": "ffbd020646c6a7d36d82e3118f1dbfb7"
        },
        {
          "type": "image",
          "assetId": "gEkldXMlmbEq",
          "checksum": "c3cde6abb04722740896b233a9fe9eee"
        },
        {
          "type": "image",
          "assetId": "GUKn-QvhUGni",
          "checksum": "af0c8df0b03812e022d5c968780aba93"
        },
        {
          "type": "image",
          "assetId": "3y96AD7Z1_Ky",
          "checksum": "cdc76018a307877984d598768bd84e85"
        },
        {
          "type": "image",
          "assetId": "wg0tvbsAR1gC",
          "checksum": "130ab152d154dfb02ab570d27f8fddd4"
        },
        {
          "type": "image",
          "assetId": "dCb3Ndo4ch-L",
          "checksum": "3098bbb0158735043eb3de2dc0be3999"
        },
        {
          "type": "image",
          "assetId": "SDVbQfLWFHRx",
          "checksum": "db7322df4add159c18ecd115e40646c7"
        },
        {
          "type": "image",
          "assetId": "kczm36oIVNz1",
          "checksum": "3509ceed0adfd168020b649ec2b98977"
        },
        {
          "type": "image",
          "assetId": "cWFnF-Vq_-sf",
          "checksum": "5c2fd8ce069bd49f49569578fc375ba6"
        },
        {
          "type": "image",
          "assetId": "cjM954QrZ9Al",
          "checksum": "5c5156160c1a76a91ad82340d19dd462"
        },
        {
          "type": "image",
          "assetId": "kENyHN1bX7Tk",
          "checksum": "2107c50cba0291aad6792fe34ba0164e"
        },
        {
          "type": "image",
          "assetId": "DNJ0MzOUdZSv",
          "checksum": "9d13cad79d3fb65ecfffa3c4528667e5"
        },
        {
          "type": "image",
          "assetId": "cTSof_Sv5CIc",
          "checksum": "1c41de651622a0dfa3c9da52b321758d"
        },
        {
          "type": "image",
          "assetId": "PPVsqZdVvpr_",
          "checksum": "d481173e86c4958fc7a528a19a1c3ff4"
        },
        {
          "type": "image",
          "assetId": "oK1HobwQzpON",
          "checksum": "07040a4f38c0ef0405727a5681610eb6"
        },
        {
          "type": "image",
          "assetId": "uQhwtqsejNsa",
          "checksum": "071ab24d323cec7e03f3a85b1c1d1255"
        },
        {
          "type": "image",
          "assetId": "aN8_7XplSpsv",
          "checksum": "2d0c2cc7a4e4a16338d1b4cdfc15c325"
        },
        {
          "type": "image",
          "assetId": "ZS5WaKIwvwjk",
          "checksum": "ac226962880924e6371ed08303a93736"
        },
        {
          "type": "image",
          "assetId": "aCLWlT_uXcpx",
          "checksum": "b32b8a2d2f27f3462b62df28172a826d"
        },
        {
          "type": "image",
          "assetId": "N5suSLmW9XmX",
          "checksum": "26601db2f68dcfa229143dc0b12dd9c0"
        },
        {
          "type": "image",
          "assetId": "n59MzYFUdP57",
          "checksum": "ecf3385e39d5587b5b54c97f554a05e5"
        },
        {
          "type": "image",
          "assetId": "cNAAHcyhBe7i",
          "checksum": "928d5e09649d68277055c21adc545825"
        },
        {
          "type": "image",
          "assetId": "jIUVIEMAhPwf",
          "checksum": "074c8376fd70a3322534ac8b784d29d2"
        },
        {
          "type": "image",
          "assetId": "60itzCR4ojAc",
          "checksum": "e04582d6c742d03c936e41bd30895bc7"
        },
        {
          "type": "image",
          "assetId": "MhuoO1wbaxOv",
          "checksum": "d7412d419a8eed90e20844b384d1a3c2"
        },
        {
          "type": "image",
          "assetId": "isxJmxAkIToR",
          "checksum": "3ab5f0808f0e51e34adabc1b93a71213"
        },
        {
          "type": "image",
          "assetId": "3kJ6AfOy7Yi8",
          "checksum": "23e39d52dccc875bf6ac4a8355e6ed8b"
        },
        {
          "type": "image",
          "assetId": "bljUUxgrFMQ4",
          "checksum": "9fb89fce09f93323a6c464fe793f4632"
        },
        {
          "type": "image",
          "assetId": "VMNNiCCRGIie",
          "checksum": "810a4ea5a6e6574ffaa2403a871fb3d2"
        },
        {
          "type": "image",
          "assetId": "q1fncgyObWtR",
          "checksum": "299b74df438f62b7377c8062bac73549"
        },
        {
          "type": "image",
          "assetId": "DaTDZVPfd3Km",
          "checksum": "681d7e0a28686ff56479d5712dd4ad58"
        },
        {
          "type": "image",
          "assetId": "sgGrYrno17SL",
          "checksum": "c0374f70ec7ec14e7f830376b3e7df26"
        },
        {
          "type": "image",
          "assetId": "67lSSYVByfx5",
          "checksum": "78c33a32369f258f2300e2c597b8f37d"
        },
        {
          "type": "image",
          "assetId": "VXkm4eBk_ovg",
          "checksum": "6705b86a956a879686e698245b132d08"
        },
        {
          "type": "image",
          "assetId": "vaDQL4FL2CJm",
          "checksum": "87efad024908d18efc3cf0f85664a928"
        },
        {
          "type": "image",
          "assetId": "ixCbmSmdXWP3",
          "checksum": "c7c52a8f427ff2d4c926ec94867c7df7"
        },
        {
          "type": "image",
          "assetId": "wkgXQ3il8a9x",
          "checksum": "5d7797993e273b82c1332ce3816de198"
        },
        {
          "type": "image",
          "assetId": "JlXICsj4fyLc",
          "checksum": "2bd254cee5fc5216ce90c4c12115f35e"
        },
        {
          "type": "image",
          "assetId": "5GlOn2fcWZsY",
          "checksum": "96c456ed61b591955f6f4fe6083caf44"
        },
        {
          "type": "renderModule",
          "assetId": "4wyMl17eEwGh",
          "checksum": "baa82b81ad8984bbecb979b091434a00"
        },
        {
          "type": "cssRules",
          "assetId": "4wyMl17eEwGh",
          "checksum": "baa82b81ad8984bbecb979b091434a00"
        },
        {
          "type": "image",
          "assetId": "MG8n0AfDxjf4",
          "checksum": "58a102836cc7559b9e99111b9e2f9034"
        },
        {
          "type": "renderModule",
          "assetId": "YidwpCLPrIIe",
          "checksum": "1169ce59194747b6b73f38a130159f0d"
        },
        {
          "type": "cssRules",
          "assetId": "YidwpCLPrIIe",
          "checksum": "1169ce59194747b6b73f38a130159f0d"
        },
        {
          "type": "renderModule",
          "assetId": "y5pZtcVsBZ6W",
          "checksum": "a416586ca0ae257ca1eddeddaeb2f8ae"
        },
        {
          "type": "cssRules",
          "assetId": "y5pZtcVsBZ6W",
          "checksum": "a416586ca0ae257ca1eddeddaeb2f8ae"
        },
        {
          "type": "renderModule",
          "assetId": "eAzPK-xaaIOB",
          "checksum": "8e71db26dbfc3bbe102060bf3cf251a5"
        },
        {
          "type": "cssRules",
          "assetId": "eAzPK-xaaIOB",
          "checksum": "8e71db26dbfc3bbe102060bf3cf251a5"
        },
        {
          "type": "renderModule",
          "assetId": "lnR5QM188Nfg",
          "checksum": "0720728e7fb3ff08adf7efc495eb282b"
        },
        {
          "type": "cssRules",
          "assetId": "lnR5QM188Nfg",
          "checksum": "0720728e7fb3ff08adf7efc495eb282b"
        },
        {
          "assetId": "9WZxc9ETCwDp4rSGaS5CbS",
          "type": "projectCss",
          "checksum": "7b0ad792ceb689445f981d8ef55b791e"
        }
      ],
      "codegenVersion": "0.0.1"
    },
    {
      "projectId": "7nJ7UcFmq9UzB6eXfC5z4a",
      "version": "0.28.0",
      "dependencies": {},
      "lang": "js",
      "fileLocks": [
        {
          "assetId": "7nJ7UcFmq9UzB6eXfC5z4a",
          "type": "projectCss",
          "checksum": "05587b57f22f0ec8bb54543deb39762e"
        }
      ],
      "codegenVersion": "0.0.1"
    }
  ],
  "cliVersion": "0.1.330"
}
